
Microsoft Visual Studio Solution File, Format Version 12.00
# Visual Studio Version 17
VisualStudioVersion = 17.10.35013.160
MinimumVisualStudioVersion = 10.0.40219.1
Project("{FAE04EC0-301F-11D3-BF4B-00C04F79EFBC}") = "AstroturfField.Web.Uı", "AstroturfField.Web.Uı\AstroturfField.Web.Uı.csproj", "{9B33FE41-F313-4213-9BF9-9C0156F7F56C}"
EndProject
Project("{FAE04EC0-301F-11D3-BF4B-00C04F79EFBC}") = "AstroturfField.Entity", "AstroturfField.Entity\AstroturfField.Entity.csproj", "{CDB96437-3E51-4062-814D-70879E227283}"
EndProject
Project("{FAE04EC0-301F-11D3-BF4B-00C04F79EFBC}") = "AstroturfField.Data", "AstroturfField.Data\AstroturfField.Data.csproj", "{6A89A941-3CB8-4D78-8E55-00F5BC0C1420}"
EndProject
Project("{FAE04EC0-301F-11D3-BF4B-00C04F79EFBC}") = "AstroturfField.Core", "AstroturfField.Core\AstroturfField.Core.csproj", "{77DE2323-C73B-4C9C-94A4-65287B74520B}"
EndProject
Project("{FAE04EC0-301F-11D3-BF4B-00C04F79EFBC}") = "AstroturfField.Service", "AstroturfField.Service\AstroturfField.Service.csproj", "{4286883A-BC23-4D65-94E5-2A338BC0E486}"
EndProject
Global
	GlobalSection(SolutionConfigurationPlatforms) = preSolution
		Debug|Any CPU = Debug|Any CPU
		Release|Any CPU = Release|Any CPU
	EndGlobalSection
	GlobalSection(ProjectConfigurationPlatforms) = postSolution
		{9B33FE41-F313-4213-9BF9-9C0156F7F56C}.Debug|Any CPU.ActiveCfg = Debug|Any CPU
		{9B33FE41-F313-4213-9BF9-9C0156F7F56C}.Debug|Any CPU.Build.0 = Debug|Any CPU
		{9B33FE41-F313-4213-9BF9-9C0156F7F56C}.Release|Any CPU.ActiveCfg = Release|Any CPU
		{9B33FE41-F313-4213-9BF9-9C0156F7F56C}.Release|Any CPU.Build.0 = Release|Any CPU
		{CDB96437-3E51-4062-814D-70879E227283}.Debug|Any CPU.ActiveCfg = Debug|Any CPU
		{CDB96437-3E51-4062-814D-70879E227283}.Debug|Any CPU.Build.0 = Debug|Any CPU
		{CDB96437-3E51-4062-814D-70879E227283}.Release|Any CPU.ActiveCfg = Release|Any CPU
		{CDB96437-3E51-4062-814D-70879E227283}.Release|Any CPU.Build.0 = Release|Any CPU
		{6A89A941-3CB8-4D78-8E55-00F5BC0C1420}.Debug|Any CPU.ActiveCfg = Debug|Any CPU
		{6A89A941-3CB8-4D78-8E55-00F5BC0C1420}.Debug|Any CPU.Build.0 = Debug|Any CPU
		{6A89A941-3CB8-4D78-8E55-00F5BC0C1420}.Release|Any CPU.ActiveCfg = Release|Any CPU
		{6A89A941-3CB8-4D78-8E55-00F5BC0C1420}.Release|Any CPU.Build.0 = Release|Any CPU
		{77DE2323-C73B-4C9C-94A4-65287B74520B}.Debug|Any CPU.ActiveCfg = Debug|Any CPU
		{77DE2323-C73B-4C9C-94A4-65287B74520B}.Debug|Any CPU.Build.0 = Debug|Any CPU
		{77DE2323-C73B-4C9C-94A4-65287B74520B}.Release|Any CPU.ActiveCfg = Release|Any CPU
		{77DE2323-C73B-4C9C-94A4-65287B74520B}.Release|Any CPU.Build.0 = Release|Any CPU
		{4286883A-BC23-4D65-94E5-2A338BC0E486}.Debug|Any CPU.ActiveCfg = Debug|Any CPU
		{4286883A-BC23-4D65-94E5-2A338BC0E486}.Debug|Any CPU.Build.0 = Debug|Any CPU
		{4286883A-BC23-4D65-94E5-2A338BC0E486}.Release|Any CPU.ActiveCfg = Release|Any CPU
		{4286883A-BC23-4D65-94E5-2A338BC0E486}.Release|Any CPU.Build.0 = Release|Any CPU
	EndGlobalSection
	GlobalSection(SolutionProperties) = preSolution
		HideSolutionNode = FALSE
	EndGlobalSection
	GlobalSection(ExtensibilityGlobals) = postSolution
		SolutionGuid = {FCE4ADFE-E294-4567-ACC8-711B8798A365}
	EndGlobalSection
EndGlobal
